
Microsoft Visual Studio Solution File, Format Version 11.00
# Visual Studio 2010
Project("{8BC9CEB8-8B4A-11D0-8D11-00A0C91BC942}") = "ATB", "ATB.vcxproj", "{2A9F49AB-2E7E-C77B-999D-8356E6A66CA4}"
EndProject
Project("{8BC9CEB8-8B4A-11D0-8D11-00A0C91BC942}") = "cclient", "cclient\cclient.vcxproj", "{CC91D54B-5F2D-919F-098A-0B2A408CA87F}"
EndProject
Global
	GlobalSection(SolutionConfigurationPlatforms) = preSolution
		Debug|Win32 = Debug|Win32
		Release|Win32 = Release|Win32
		Template|Win32 = Template|Win32
	EndGlobalSection
	GlobalSection(ProjectConfigurationPlatforms) = postSolution
		{2A9F49AB-2E7E-C77B-999D-8356E6A66CA4}.Debug|Win32.ActiveCfg = Debug|Win32
		{2A9F49AB-2E7E-C77B-999D-8356E6A66CA4}.Debug|Win32.Build.0 = Debug|Win32
		{2A9F49AB-2E7E-C77B-999D-8356E6A66CA4}.Release|Win32.ActiveCfg = Release|Win32
		{2A9F49AB-2E7E-C77B-999D-8356E6A66CA4}.Release|Win32.Build.0 = Release|Win32
		{2A9F49AB-2E7E-C77B-999D-8356E6A66CA4}.Template|Win32.ActiveCfg = Release|Win32
		{2A9F49AB-2E7E-C77B-999D-8356E6A66CA4}.Template|Win32.Build.0 = Release|Win32
		{CC91D54B-5F2D-919F-098A-0B2A408CA87F}.Debug|Win32.ActiveCfg = Debug|Win32
		{CC91D54B-5F2D-919F-098A-0B2A408CA87F}.Debug|Win32.Build.0 = Debug|Win32
		{CC91D54B-5F2D-919F-098A-0B2A408CA87F}.Release|Win32.ActiveCfg = Release|Win32
		{CC91D54B-5F2D-919F-098A-0B2A408CA87F}.Release|Win32.Build.0 = Release|Win32
		{CC91D54B-5F2D-919F-098A-0B2A408CA87F}.Template|Win32.ActiveCfg = Template|Win32
		{CC91D54B-5F2D-919F-098A-0B2A408CA87F}.Template|Win32.Build.0 = Template|Win32
	EndGlobalSection
	GlobalSection(SolutionProperties) = preSolution
		HideSolutionNode = FALSE
	EndGlobalSection
EndGlobal
